PODS:
  - XAttributedString (0.3.2)

DEPENDENCIES:
  - XAttributedString (from `../`)

EXTERNAL SOURCES:
  XAttributedString:
    :path: "../"

SPEC CHECKSUMS:
  XAttributedString: e7fe3aea1d63e7f0ff5731ecea7104d7beb92559

PODFILE CHECKSUM: 2fcd4576b747b373e9108db5a292c37962404714

COCOAPODS: 1.6.1
