PODS:
  - XAttributedString (0.3.1)

DEPENDENCIES:
  - XAttributedString (from `../`)

EXTERNAL SOURCES:
  XAttributedString:
    :path: "../"

SPEC CHECKSUMS:
  XAttributedString: 8d9e9a53ca4f6ed85c1f1a61a1361b71300aca94

PODFILE CHECKSUM: 2fcd4576b747b373e9108db5a292c37962404714

COCOAPODS: 1.6.1
